// !$*UTF8*$!
{
	archiveVersion = 1;
	classes = {
	};
	objectVersion = 50;
	objects = {

/* Begin PBXBuildFile section */
		59822B3920A3F04C00023A0D /* AppDelegate.swift in Sources */ = {isa = PBXBuildFile; fileRef = 59822B3820A3F04C00023A0D /* AppDelegate.swift */; };
		59822B3B20A3F04C00023A0D /* ViewController.swift in Sources */ = {isa = PBXBuildFile; fileRef = 59822B3A20A3F04C00023A0D /* ViewController.swift */; };
		59822B3E20A3F04C00023A0D /* Main.storyboard in Resources */ = {isa = PBXBuildFile; fileRef = 59822B3C20A3F04C00023A0D /* Main.storyboard */; };
		59822B4020A3F04E00023A0D /* Assets.xcassets in Resources */ = {isa = PBXBuildFile; fileRef = 59822B3F20A3F04E00023A0D /* Assets.xcassets */; };
		59822B4320A3F04E00023A0D /* LaunchScreen.storyboard in Resources */ = {isa = PBXBuildFile; fileRef = 59822B4120A3F04E00023A0D /* LaunchScreen.storyboard */; };
		59822B4E20A3F04F00023A0D /* A613____2__Tests.swift in Sources */ = {isa = PBXBuildFile; fileRef = 59822B4D20A3F04F00023A0D /* A613____2__Tests.swift */; };
		59822B5920A3F04F00023A0D /* A613____2__UITests.swift in Sources */ = {isa = PBXBuildFile; fileRef = 59822B5820A3F04F00023A0D /* A613____2__UITests.swift */; };
/* End PBXBuildFile section */

/* Begin PBXContainerItemProxy section */
		59822B4A20A3F04F00023A0D /* PBXContainerItemProxy */ = {
			isa = PBXContainerItemProxy;
			containerPortal = 59822B2D20A3F04C00023A0D /* Project object */;
			proxyType = 1;
			remoteGlobalIDString = 59822B3420A3F04C00023A0D;
			remoteInfo = "A613資料傳遞2作業";
		};
		59822B5520A3F04F00023A0D /* PBXContainerItemProxy */ = {
			isa = PBXContainerItemProxy;
			containerPortal = 59822B2D20A3F04C00023A0D /* Project object */;
			proxyType = 1;
			remoteGlobalIDString = 59822B3420A3F04C00023A0D;
			remoteInfo = "A613資料傳遞2作業";
		};
/* End PBXContainerItemProxy section */

/* Begin PBXFileReference section */
		59822B3520A3F04C00023A0D /* A613資料傳遞2作業.app */ = {isa = PBXFileReference; explicitFileType = wrapper.application; includeInIndex = 0; path = "A613資料傳遞2作業.app"; sourceTree = BUILT_PRODUCTS_DIR; };
		59822B3820A3F04C00023A0D /* AppDelegate.swift */ = {isa = PBXFileReference; lastKnownFileType = sourcecode.swift; path = AppDelegate.swift; sourceTree = "<group>"; };
		59822B3A20A3F04C00023A0D /* ViewController.swift */ = {isa = PBXFileReference; lastKnownFileType = sourcecode.swift; path = ViewController.swift; sourceTree = "<group>"; };
		59822B3D20A3F04C00023A0D /* Base */ = {isa = PBXFileReference; lastKnownFileType = file.storyboard; name = Base; path = Base.lproj/Main.storyboard; sourceTree = "<group>"; };
		59822B3F20A3F04E00023A0D /* Assets.xcassets */ = {isa = PBXFileReference; lastKnownFileType = folder.assetcatalog; path = Assets.xcassets; sourceTree = "<group>"; };
		59822B4220A3F04E00023A0D /* Base */ = {isa = PBXFileReference; lastKnownFileType = file.storyboard; name = Base; path = Base.lproj/LaunchScreen.storyboard; sourceTree = "<group>"; };
		59822B4420A3F04E00023A0D /* Info.plist */ = {isa = PBXFileReference; lastKnownFileType = text.plist.xml; path = Info.plist; sourceTree = "<group>"; };
		59822B4920A3F04F00023A0D /* A613資料傳遞2作業Tests.xctest */ = {isa = PBXFileReference; explicitFileType = wrapper.cfbundle; includeInIndex = 0; path = "A613資料傳遞2作業Tests.xctest"; sourceTree = BUILT_PRODUCTS_DIR; };
		59822B4D20A3F04F00023A0D /* A613____2__Tests.swift */ = {isa = PBXFileReference; lastKnownFileType = sourcecode.swift; path = "A613____2__Tests.swift"; sourceTree = "<group>"; };
		59822B4F20A3F04F00023A0D /* Info.plist */ = {isa = PBXFileReference; lastKnownFileType = text.plist.xml; path = Info.plist; sourceTree = "<group>"; };
		59822B5420A3F04F00023A0D /* A613資料傳遞2作業UITests.xctest */ = {isa = PBXFileReference; explicitFileType = wrapper.cfbundle; includeInIndex = 0; path = "A613資料傳遞2作業UITests.xctest"; sourceTree = BUILT_PRODUCTS_DIR; };
		59822B5820A3F04F00023A0D /* A613____2__UITests.swift */ = {isa = PBXFileReference; lastKnownFileType = sourcecode.swift; path = "A613____2__UITests.swift"; sourceTree = "<group>"; };
		59822B5A20A3F04F00023A0D /* Info.plist */ = {isa = PBXFileReference; lastKnownFileType = text.plist.xml; path = Info.plist; sourceTree = "<group>"; };
/* End PBXFileReference section */

/* Begin PBXFrameworksBuildPhase section */
		59822B3220A3F04C00023A0D /* Frameworks */ = {
			isa = PBXFrameworksBuildPhase;
			buildActionMask = 2147483647;
			files = (
			);
			runOnlyForDeploymentPostprocessing = 0;
		};
		59822B4620A3F04F00023A0D /* Frameworks */ = {
			isa = PBXFrameworksBuildPhase;
			buildActionMask = 2147483647;
			files = (
			);
			runOnlyForDeploymentPostprocessing = 0;
		};
		59822B5120A3F04F00023A0D /* Frameworks */ = {
			isa = PBXFrameworksBuildPhase;
			buildActionMask = 2147483647;
			files = (
			);
			runOnlyForDeploymentPostprocessing = 0;
		};
/* End PBXFrameworksBuildPhase section */

/* Begin PBXGroup section */
		59822B2C20A3F04C00023A0D = {
			isa = PBXGroup;
			children = (
				59822B3720A3F04C00023A0D /* A613資料傳遞2作業 */,
				59822B4C20A3F04F00023A0D /* A613資料傳遞2作業Tests */,
				59822B5720A3F04F00023A0D /* A613資料傳遞2作業UITests */,
				59822B3620A3F04C00023A0D /* Products */,
			);
			sourceTree = "<group>";
		};
		59822B3620A3F04C00023A0D /* Products */ = {
			isa = PBXGroup;
			children = (
				59822B3520A3F04C00023A0D /* A613資料傳遞2作業.app */,
				59822B4920A3F04F00023A0D /* A613資料傳遞2作業Tests.xctest */,
				59822B5420A3F04F00023A0D /* A613資料傳遞2作業UITests.xctest */,
			);
			name = Products;
			sourceTree = "<group>";
		};
		59822B3720A3F04C00023A0D /* A613資料傳遞2作業 */ = {
			isa = PBXGroup;
			children = (
				59822B3820A3F04C00023A0D /* AppDelegate.swift */,
				59822B3A20A3F04C00023A0D /* ViewController.swift */,
				59822B3C20A3F04C00023A0D /* Main.storyboard */,
				59822B3F20A3F04E00023A0D /* Assets.xcassets */,
				59822B4120A3F04E00023A0D /* LaunchScreen.storyboard */,
				59822B4420A3F04E00023A0D /* Info.plist */,
			);
			path = "A613資料傳遞2作業";
			sourceTree = "<group>";
		};
		59822B4C20A3F04F00023A0D /* A613資料傳遞2作業Tests */ = {
			isa = PBXGroup;
			children = (
				59822B4D20A3F04F00023A0D /* A613____2__Tests.swift */,
				59822B4F20A3F04F00023A0D /* Info.plist */,
			);
			path = "A613資料傳遞2作業Tests";
			sourceTree = "<group>";
		};
		59822B5720A3F04F00023A0D /* A613資料傳遞2作業UITests */ = {
			isa = PBXGroup;
			children = (
				59822B5820A3F04F00023A0D /* A613____2__UITests.swift */,
				59822B5A20A3F04F00023A0D /* Info.plist */,
			);
			path = "A613資料傳遞2作業UITests";
			sourceTree = "<group>";
		};
/* End PBXGroup section */

/* Begin PBXNativeTarget section */
		59822B3420A3F04C00023A0D /* A613資料傳遞2作業 */ = {
			isa = PBXNativeTarget;
			buildConfigurationList = 59822B5D20A3F04F00023A0D /* Build configuration list for PBXNativeTarget "A613資料傳遞2作業" */;
			buildPhases = (
				59822B3120A3F04C00023A0D /* Sources */,
				59822B3220A3F04C00023A0D /* Frameworks */,
				59822B3320A3F04C00023A0D /* Resources */,
			);
			buildRules = (
			);
			dependencies = (
			);
			name = "A613資料傳遞2作業";
			productName = "A613資料傳遞2作業";
			productReference = 59822B3520A3F04C00023A0D /* A613資料傳遞2作業.app */;
			productType = "com.apple.product-type.application";
		};
		59822B4820A3F04F00023A0D /* A613資料傳遞2作業Tests */ = {
			isa = PBXNativeTarget;
			buildConfigurationList = 59822B6020A3F04F00023A0D /* Build configuration list for PBXNativeTarget "A613資料傳遞2作業Tests" */;
			buildPhases = (
				59822B4520A3F04F00023A0D /* Sources */,
				59822B4620A3F04F00023A0D /* Frameworks */,
				59822B4720A3F04F00023A0D /* Resources */,
			);
			buildRules = (
			);
			dependencies = (
				59822B4B20A3F04F00023A0D /* PBXTargetDependency */,
			);
			name = "A613資料傳遞2作業Tests";
			productName = "A613資料傳遞2作業Tests";
			productReference = 59822B4920A3F04F00023A0D /* A613資料傳遞2作業Tests.xctest */;
			productType = "com.apple.product-type.bundle.unit-test";
		};
		59822B5320A3F04F00023A0D /* A613資料傳遞2作業UITests */ = {
			isa = PBXNativeTarget;
			buildConfigurationList = 59822B6320A3F04F00023A0D /* Build configuration list for PBXNativeTarget "A613資料傳遞2作業UITests" */;
			buildPhases = (
				59822B5020A3F04F00023A0D /* Sources */,
				59822B5120A3F04F00023A0D /* Frameworks */,
				59822B5220A3F04F00023A0D /* Resources */,
			);
			buildRules = (
			);
			dependencies = (
				59822B5620A3F04F00023A0D /* PBXTargetDependency */,
			);
			name = "A613資料傳遞2作業UITests";
			productName = "A613資料傳遞2作業UITests";
			productReference = 59822B5420A3F04F00023A0D /* A613資料傳遞2作業UITests.xctest */;
			productType = "com.apple.product-type.bundle.ui-testing";
		};
/* End PBXNativeTarget section */

/* Begin PBXProject section */
		59822B2D20A3F04C00023A0D /* Project object */ = {
			isa = PBXProject;
			attributes = {
				LastSwiftUpdateCheck = 0930;
				LastUpgradeCheck = 0930;
				ORGANIZATIONNAME = "范博勝";
				TargetAttributes = {
					59822B3420A3F04C00023A0D = {
						CreatedOnToolsVersion = 9.3;
					};
					59822B4820A3F04F00023A0D = {
						CreatedOnToolsVersion = 9.3;
						TestTargetID = 59822B3420A3F04C00023A0D;
					};
					59822B5320A3F04F00023A0D = {
						CreatedOnToolsVersion = 9.3;
						TestTargetID = 59822B3420A3F04C00023A0D;
					};
				};
			};
			buildConfigurationList = 59822B3020A3F04C00023A0D /* Build configuration list for PBXProject "A613資料傳遞2作業" */;
			compatibilityVersion = "Xcode 9.3";
			developmentRegion = en;
			hasScannedForEncodings = 0;
			knownRegions = (
				en,
				Base,
			);
			mainGroup = 59822B2C20A3F04C00023A0D;
			productRefGroup = 59822B3620A3F04C00023A0D /* Products */;
			projectDirPath = "";
			projectRoot = "";
			targets = (
				59822B3420A3F04C00023A0D /* A613資料傳遞2作業 */,
				59822B4820A3F04F00023A0D /* A613資料傳遞2作業Tests */,
				59822B5320A3F04F00023A0D /* A613資料傳遞2作業UITests */,
			);
		};
/* End PBXProject section */

/* Begin PBXResourcesBuildPhase section */
		59822B3320A3F04C00023A0D /* Resources */ = {
			isa = PBXResourcesBuildPhase;
			buildActionMask = 2147483647;
			files = (
				59822B4320A3F04E00023A0D /* LaunchScreen.storyboard in Resources */,
				59822B4020A3F04E00023A0D /* Assets.xcassets in Resources */,
				59822B3E20A3F04C00023A0D /* Main.storyboard in Resources */,
			);
			runOnlyForDeploymentPostprocessing = 0;
		};
		59822B4720A3F04F00023A0D /* Resources */ = {
			isa = PBXResourcesBuildPhase;
			buildActionMask = 2147483647;
			files = (
			);
			runOnlyForDeploymentPostprocessing = 0;
		};
		59822B5220A3F04F00023A0D /* Resources */ = {
			isa = PBXResourcesBuildPhase;
			buildActionMask = 2147483647;
			files = (
			);
			runOnlyForDeploymentPostprocessing = 0;
		};
/* End PBXResourcesBuildPhase section */

/* Begin PBXSourcesBuildPhase section */
		59822B3120A3F04C00023A0D /* Sources */ = {
			isa = PBXSourcesBuildPhase;
			buildActionMask = 2147483647;
			files = (
				59822B3B20A3F04C00023A0D /* ViewController.swift in Sources */,
				59822B3920A3F04C00023A0D /* AppDelegate.swift in Sources */,
			);
			runOnlyForDeploymentPostprocessing = 0;
		};
		59822B4520A3F04F00023A0D /* Sources */ = {
			isa = PBXSourcesBuildPhase;
			buildActionMask = 2147483647;
			files = (
				59822B4E20A3F04F00023A0D /* A613____2__Tests.swift in Sources */,
			);
			runOnlyForDeploymentPostprocessing = 0;
		};
		59822B5020A3F04F00023A0D /* Sources */ = {
			isa = PBXSourcesBuildPhase;
			buildActionMask = 2147483647;
			files = (
				59822B5920A3F04F00023A0D /* A613____2__UITests.swift in Sources */,
			);
			runOnlyForDeploymentPostprocessing = 0;
		};
/* End PBXSourcesBuildPhase section */

/* Begin PBXTargetDependency section */
		59822B4B20A3F04F00023A0D /* PBXTargetDependency */ = {
			isa = PBXTargetDependency;
			target = 59822B3420A3F04C00023A0D /* A613資料傳遞2作業 */;
			targetProxy = 59822B4A20A3F04F00023A0D /* PBXContainerItemProxy */;
		};
		59822B5620A3F04F00023A0D /* PBXTargetDependency */ = {
			isa = PBXTargetDependency;
			target = 59822B3420A3F04C00023A0D /* A613資料傳遞2作業 */;
			targetProxy = 59822B5520A3F04F00023A0D /* PBXContainerItemProxy */;
		};
/* End PBXTargetDependency section */

/* Begin PBXVariantGroup section */
		59822B3C20A3F04C00023A0D /* Main.storyboard */ = {
			isa = PBXVariantGroup;
			children = (
				59822B3D20A3F04C00023A0D /* Base */,
			);
			name = Main.storyboard;
			sourceTree = "<group>";
		};
		59822B4120A3F04E00023A0D /* LaunchScreen.storyboard */ = {
			isa = PBXVariantGroup;
			children = (
				59822B4220A3F04E00023A0D /* Base */,
			);
			name = LaunchScreen.storyboard;
			sourceTree = "<group>";
		};
/* End PBXVariantGroup section */

/* Begin XCBuildConfiguration section */
		59822B5B20A3F04F00023A0D /* Debug */ = {
			isa = XCBuildConfiguration;
			buildSettings = {
				ALWAYS_SEARCH_USER_PATHS = NO;
				CLANG_ANALYZER_NONNULL = YES;
				CLANG_ANALYZER_NUMBER_OBJECT_CONVERSION = YES_AGGRESSIVE;
				CLANG_CXX_LANGUAGE_STANDARD = "gnu++14";
				CLANG_CXX_LIBRARY = "libc++";
				CLANG_ENABLE_MODULES = YES;
				CLANG_ENABLE_OBJC_ARC = YES;
				CLANG_ENABLE_OBJC_WEAK = YES;
				CLANG_WARN_BLOCK_CAPTURE_AUTORELEASING = YES;
				CLANG_WARN_BOOL_CONVERSION = YES;
				CLANG_WARN_COMMA = YES;
				CLANG_WARN_CONSTANT_CONVERSION = YES;
				CLANG_WARN_DEPRECATED_OBJC_IMPLEMENTATIONS = YES;
				CLANG_WARN_DIRECT_OBJC_ISA_USAGE = YES_ERROR;
				CLANG_WARN_DOCUMENTATION_COMMENTS = YES;
				CLANG_WARN_EMPTY_BODY = YES;
				CLANG_WARN_ENUM_CONVERSION = YES;
				CLANG_WARN_INFINITE_RECURSION = YES;
				CLANG_WARN_INT_CONVERSION = YES;
				CLANG_WARN_NON_LITERAL_NULL_CONVERSION = YES;
				CLANG_WARN_OBJC_IMPLICIT_RETAIN_SELF = YES;
				CLANG_WARN_OBJC_LITERAL_CONVERSION = YES;
				CLANG_WARN_OBJC_ROOT_CLASS = YES_ERROR;
				CLANG_WARN_RANGE_LOOP_ANALYSIS = YES;
				CLANG_WARN_STRICT_PROTOTYPES = YES;
				CLANG_WARN_SUSPICIOUS_MOVE = YES;
				CLANG_WARN_UNGUARDED_AVAILABILITY = YES_AGGRESSIVE;
				CLANG_WARN_UNREACHABLE_CODE = YES;
				CLANG_WARN__DUPLICATE_METHOD_MATCH = YES;
				CODE_SIGN_IDENTITY = "iPhone Developer";
				COPY_PHASE_STRIP = NO;
				DEBUG_INFORMATION_FORMAT = dwarf;
				ENABLE_STRICT_OBJC_MSGSEND = YES;
				ENABLE_TESTABILITY = YES;
				GCC_C_LANGUAGE_STANDARD = gnu11;
				GCC_DYNAMIC_NO_PIC = NO;
				GCC_NO_COMMON_BLOCKS = YES;
				GCC_OPTIMIZATION_LEVEL = 0;
				GCC_PREPROCESSOR_DEFINITIONS = (
					"DEBUG=1",
					"$(inherited)",
				);
				GCC_WARN_64_TO_32_BIT_CONVERSION = YES;
				GCC_WARN_ABOUT_RETURN_TYPE = YES_ERROR;
				GCC_WARN_UNDECLARED_SELECTOR = YES;
				GCC_WARN_UNINITIALIZED_AUTOS = YES_AGGRESSIVE;
				GCC_WARN_UNUSED_FUNCTION = YES;
				GCC_WARN_UNUSED_VARIABLE = YES;
				IPHONEOS_DEPLOYMENT_TARGET = 11.3;
				MTL_ENABLE_DEBUG_INFO = YES;
				ONLY_ACTIVE_ARCH = YES;
				SDKROOT = iphoneos;
				SWIFT_ACTIVE_COMPILATION_CONDITIONS = DEBUG;
				SWIFT_OPTIMIZATION_LEVEL = "-Onone";
			};
			name = Debug;
		};
		59822B5C20A3F04F00023A0D /* Release */ = {
			isa = XCBuildConfiguration;
			buildSettings = {
				ALWAYS_SEARCH_USER_PATHS = NO;
				CLANG_ANALYZER_NONNULL = YES;
				CLANG_ANALYZER_NUMBER_OBJECT_CONVERSION = YES_AGGRESSIVE;
				CLANG_CXX_LANGUAGE_STANDARD = "gnu++14";
				CLANG_CXX_LIBRARY = "libc++";
				CLANG_ENABLE_MODULES = YES;
				CLANG_ENABLE_OBJC_ARC = YES;
				CLANG_ENABLE_OBJC_WEAK = YES;
				CLANG_WARN_BLOCK_CAPTURE_AUTORELEASING = YES;
				CLANG_WARN_BOOL_CONVERSION = YES;
				CLANG_WARN_COMMA = YES;
				CLANG_WARN_CONSTANT_CONVERSION = YES;
				CLANG_WARN_DEPRECATED_OBJC_IMPLEMENTATIONS = YES;
				CLANG_WARN_DIRECT_OBJC_ISA_USAGE = YES_ERROR;
				CLANG_WARN_DOCUMENTATION_COMMENTS = YES;
				CLANG_WARN_EMPTY_BODY = YES;
				CLANG_WARN_ENUM_CONVERSION = YES;
				CLANG_WARN_INFINITE_RECURSION = YES;
				CLANG_WARN_INT_CONVERSION = YES;
				CLANG_WARN_NON_LITERAL_NULL_CONVERSION = YES;
				CLANG_WARN_OBJC_IMPLICIT_RETAIN_SELF = YES;
				CLANG_WARN_OBJC_LITERAL_CONVERSION = YES;
				CLANG_WARN_OBJC_ROOT_CLASS = YES_ERROR;
				CLANG_WARN_RANGE_LOOP_ANALYSIS = YES;
				CLANG_WARN_STRICT_PROTOTYPES = YES;
				CLANG_WARN_SUSPICIOUS_MOVE = YES;
				CLANG_WARN_UNGUARDED_AVAILABILITY = YES_AGGRESSIVE;
				CLANG_WARN_UNREACHABLE_CODE = YES;
				CLANG_WARN__DUPLICATE_METHOD_MATCH = YES;
				CODE_SIGN_IDENTITY = "iPhone Developer";
				COPY_PHASE_STRIP = NO;
				DEBUG_INFORMATION_FORMAT = "dwarf-with-dsym";
				ENABLE_NS_ASSERTIONS = NO;
				ENABLE_STRICT_OBJC_MSGSEND = YES;
				GCC_C_LANGUAGE_STANDARD = gnu11;
				GCC_NO_COMMON_BLOCKS = YES;
				GCC_WARN_64_TO_32_BIT_CONVERSION = YES;
				GCC_WARN_ABOUT_RETURN_TYPE = YES_ERROR;
				GCC_WARN_UNDECLARED_SELECTOR = YES;
				GCC_WARN_UNINITIALIZED_AUTOS = YES_AGGRESSIVE;
				GCC_WARN_UNUSED_FUNCTION = YES;
				GCC_WARN_UNUSED_VARIABLE = YES;
				IPHONEOS_DEPLOYMENT_TARGET = 11.3;
				MTL_ENABLE_DEBUG_INFO = NO;
				SDKROOT = iphoneos;
				SWIFT_COMPILATION_MODE = wholemodule;
				SWIFT_OPTIMIZATION_LEVEL = "-O";
				VALIDATE_PRODUCT = YES;
			};
			name = Release;
		};
		59822B5E20A3F04F00023A0D /* Debug */ = {
			isa = XCBuildConfiguration;
			buildSettings = {
				ASSETCATALOG_COMPILER_APPICON_NAME = AppIcon;
				CODE_SIGN_STYLE = Automatic;
				DEVELOPMENT_TEAM = A6H5JP5GD9;
				INFOPLIST_FILE = "A613資料傳遞2作業/Info.plist";
				LD_RUNPATH_SEARCH_PATHS = (
					"$(inherited)",
					"@executable_path/Frameworks",
				);
				PRODUCT_BUNDLE_IDENTIFIER = "com.fan.A613----2--";
				PRODUCT_NAME = "$(TARGET_NAME)";
				SWIFT_VERSION = 4.0;
				TARGETED_DEVICE_FAMILY = "1,2";
			};
			name = Debug;
		};
		59822B5F20A3F04F00023A0D /* Release */ = {
			isa = XCBuildConfiguration;
			buildSettings = {
				ASSETCATALOG_COMPILER_APPICON_NAME = AppIcon;
				CODE_SIGN_STYLE = Automatic;
				DEVELOPMENT_TEAM = A6H5JP5GD9;
				INFOPLIST_FILE = "A613資料傳遞2作業/Info.plist";
				LD_RUNPATH_SEARCH_PATHS = (
					"$(inherited)",
					"@executable_path/Frameworks",
				);
				PRODUCT_BUNDLE_IDENTIFIER = "com.fan.A613----2--";
				PRODUCT_NAME = "$(TARGET_NAME)";
				SWIFT_VERSION = 4.0;
				TARGETED_DEVICE_FAMILY = "1,2";
			};
			name = Release;
		};
		59822B6120A3F04F00023A0D /* Debug */ = {
			isa = XCBuildConfiguration;
			buildSettings = {
				ALWAYS_EMBED_SWIFT_STANDARD_LIBRARIES = YES;
				BUNDLE_LOADER = "$(TEST_HOST)";
				CODE_SIGN_STYLE = Automatic;
				DEVELOPMENT_TEAM = A6H5JP5GD9;
				INFOPLIST_FILE = "A613資料傳遞2作業Tests/Info.plist";
				LD_RUNPATH_SEARCH_PATHS = (
					"$(inherited)",
					"@executable_path/Frameworks",
					"@loader_path/Frameworks",
				);
				PRODUCT_BUNDLE_IDENTIFIER = "com.fan.A613----2--Tests";
				PRODUCT_NAME = "$(TARGET_NAME)";
				SWIFT_VERSION = 4.0;
				TARGETED_DEVICE_FAMILY = "1,2";
				TEST_HOST = "$(BUILT_PRODUCTS_DIR)/A613資料傳遞2作業.app/A613資料傳遞2作業";
			};
			name = Debug;
		};
		59822B6220A3F04F00023A0D /* Release */ = {
			isa = XCBuildConfiguration;
			buildSettings = {
				ALWAYS_EMBED_SWIFT_STANDARD_LIBRARIES = YES;
				BUNDLE_LOADER = "$(TEST_HOST)";
				CODE_SIGN_STYLE = Automatic;
				DEVELOPMENT_TEAM = A6H5JP5GD9;
				INFOPLIST_FILE = "A613資料傳遞2作業Tests/Info.plist";
				LD_RUNPATH_SEARCH_PATHS = (
					"$(inherited)",
					"@executable_path/Frameworks",
					"@loader_path/Frameworks",
				);
				PRODUCT_BUNDLE_IDENTIFIER = "com.fan.A613----2--Tests";
				PRODUCT_NAME = "$(TARGET_NAME)";
				SWIFT_VERSION = 4.0;
				TARGETED_DEVICE_FAMILY = "1,2";
				TEST_HOST = "$(BUILT_PRODUCTS_DIR)/A613資料傳遞2作業.app/A613資料傳遞2作業";
			};
			name = Release;
		};
		59822B6420A3F04F00023A0D /* Debug */ = {
			isa = XCBuildConfiguration;
			buildSettings = {
				ALWAYS_EMBED_SWIFT_STANDARD_LIBRARIES = YES;
				CODE_SIGN_STYLE = Automatic;
				DEVELOPMENT_TEAM = A6H5JP5GD9;
				INFOPLIST_FILE = "A613資料傳遞2作業UITests/Info.plist";
				LD_RUNPATH_SEARCH_PATHS = (
					"$(inherited)",
					"@executable_path/Frameworks",
					"@loader_path/Frameworks",
				);
				PRODUCT_BUNDLE_IDENTIFIER = "com.fan.A613----2--UITests";
				PRODUCT_NAME = "$(TARGET_NAME)";
				SWIFT_VERSION = 4.0;
				TARGETED_DEVICE_FAMILY = "1,2";
				TEST_TARGET_NAME = "A613資料傳遞2作業";
			};
			name = Debug;
		};
		59822B6520A3F04F00023A0D /* Release */ = {
			isa = XCBuildConfiguration;
			buildSettings = {
				ALWAYS_EMBED_SWIFT_STANDARD_LIBRARIES = YES;
				CODE_SIGN_STYLE = Automatic;
				DEVELOPMENT_TEAM = A6H5JP5GD9;
				INFOPLIST_FILE = "A613資料傳遞2作業UITests/Info.plist";
				LD_RUNPATH_SEARCH_PATHS = (
					"$(inherited)",
					"@executable_path/Frameworks",
					"@loader_path/Frameworks",
				);
				PRODUCT_BUNDLE_IDENTIFIER = "com.fan.A613----2--UITests";
				PRODUCT_NAME = "$(TARGET_NAME)";
				SWIFT_VERSION = 4.0;
				TARGETED_DEVICE_FAMILY = "1,2";
				TEST_TARGET_NAME = "A613資料傳遞2作業";
			};
			name = Release;
		};
/* End XCBuildConfiguration section */

/* Begin XCConfigurationList section */
		59822B3020A3F04C00023A0D /* Build configuration list for PBXProject "A613資料傳遞2作業" */ = {
			isa = XCConfigurationList;
			buildConfigurations = (
				59822B5B20A3F04F00023A0D /* Debug */,
				59822B5C20A3F04F00023A0D /* Release */,
			);
			defaultConfigurationIsVisible = 0;
			defaultConfigurationName = Release;
		};
		59822B5D20A3F04F00023A0D /* Build configuration list for PBXNativeTarget "A613資料傳遞2作業" */ = {
			isa = XCConfigurationList;
			buildConfigurations = (
				59822B5E20A3F04F00023A0D /* Debug */,
				59822B5F20A3F04F00023A0D /* Release */,
			);
			defaultConfigurationIsVisible = 0;
			defaultConfigurationName = Release;
		};
		59822B6020A3F04F00023A0D /* Build configuration list for PBXNativeTarget "A613資料傳遞2作業Tests" */ = {
			isa = XCConfigurationList;
			buildConfigurations = (
				59822B6120A3F04F00023A0D /* Debug */,
				59822B6220A3F04F00023A0D /* Release */,
			);
			defaultConfigurationIsVisible = 0;
			defaultConfigurationName = Release;
		};
		59822B6320A3F04F00023A0D /* Build configuration list for PBXNativeTarget "A613資料傳遞2作業UITests" */ = {
			isa = XCConfigurationList;
			buildConfigurations = (
				59822B6420A3F04F00023A0D /* Debug */,
				59822B6520A3F04F00023A0D /* Release */,
			);
			defaultConfigurationIsVisible = 0;
			defaultConfigurationName = Release;
		};
/* End XCConfigurationList section */
	};
	rootObject = 59822B2D20A3F04C00023A0D /* Project object */;
}
